
Microsoft Visual Studio Solution File, Format Version 12.00
# Visual Studio Version 17
VisualStudioVersion = 17.5.33627.172
MinimumVisualStudioVersion = 10.0.40219.1
Project("{FAE04EC0-301F-11D3-BF4B-00C04F79EFBC}") = "Project3.1-BasicCalculatorGUI01", "Project3.1-BasicCalculatorGUI01\Project3.1-BasicCalculatorGUI01.csproj", "{B32656C0-59E8-4130-9D91-DB4D68D59CA5}"
EndProject
Global
	GlobalSection(SolutionConfigurationPlatforms) = preSolution
		Debug|Any CPU = Debug|Any CPU
		Release|Any CPU = Release|Any CPU
	EndGlobalSection
	GlobalSection(ProjectConfigurationPlatforms) = postSolution
		{B32656C0-59E8-4130-9D91-DB4D68D59CA5}.Debug|Any CPU.ActiveCfg = Debug|Any CPU
		{B32656C0-59E8-4130-9D91-DB4D68D59CA5}.Debug|Any CPU.Build.0 = Debug|Any CPU
		{B32656C0-59E8-4130-9D91-DB4D68D59CA5}.Release|Any CPU.ActiveCfg = Release|Any CPU
		{B32656C0-59E8-4130-9D91-DB4D68D59CA5}.Release|Any CPU.Build.0 = Release|Any CPU
	EndGlobalSection
	GlobalSection(SolutionProperties) = preSolution
		HideSolutionNode = FALSE
	EndGlobalSection
	GlobalSection(ExtensibilityGlobals) = postSolution
		SolutionGuid = {AAD60D68-65DA-4637-A9AB-BCF87F6E340E}
	EndGlobalSection
EndGlobal
